
Microsoft Visual Studio Solution File, Format Version 12.00
# Visual Studio Version 16
VisualStudioVersion = 16.0.30523.141
MinimumVisualStudioVersion = 10.0.40219.1
Project("{8BC9CEB8-8B4A-11D0-8D11-00A0C91BC942}") = "Client", "Client\Client.vcxproj", "{F67BD2ED-CC89-4320-8D69-C9AEB1ADAF1D}"
EndProject
Global
	GlobalSection(SolutionConfigurationPlatforms) = preSolution
		Debug|x64 = Debug|x64
		Debug|x86 = Debug|x86
		Release|x64 = Release|x64
		Release|x86 = Release|x86
	EndGlobalSection
	GlobalSection(ProjectConfigurationPlatforms) = postSolution
		{F67BD2ED-CC89-4320-8D69-C9AEB1ADAF1D}.Debug|x64.ActiveCfg = Debug|x64
		{F67BD2ED-CC89-4320-8D69-C9AEB1ADAF1D}.Debug|x64.Build.0 = Debug|x64
		{F67BD2ED-CC89-4320-8D69-C9AEB1ADAF1D}.Debug|x86.ActiveCfg = Debug|Win32
		{F67BD2ED-CC89-4320-8D69-C9AEB1ADAF1D}.Debug|x86.Build.0 = Debug|Win32
		{F67BD2ED-CC89-4320-8D69-C9AEB1ADAF1D}.Release|x64.ActiveCfg = Release|x64
		{F67BD2ED-CC89-4320-8D69-C9AEB1ADAF1D}.Release|x64.Build.0 = Release|x64
		{F67BD2ED-CC89-4320-8D69-C9AEB1ADAF1D}.Release|x86.ActiveCfg = Release|Win32
		{F67BD2ED-CC89-4320-8D69-C9AEB1ADAF1D}.Release|x86.Build.0 = Release|Win32
	EndGlobalSection
	GlobalSection(SolutionProperties) = preSolution
		HideSolutionNode = FALSE
	EndGlobalSection
	GlobalSection(ExtensibilityGlobals) = postSolution
		SolutionGuid = {5C096996-7AC0-4822-922A-3B60DAE15A65}
	EndGlobalSection
EndGlobal
